{
    "name": "shopsmart",
    "lockfileVersion": 3,
    "requires": true,
    "packages": {
        "": {
            "name": "shopsmart",
            "devDependencies": {
                "@types/node": "^22.8.1",
                "prettier": "3.3.3"
            }
        },
        "node_modules/@types/node": {
            "version": "22.8.1",
            "dev": true,
            "license": "MIT",
            "dependencies": {
                "undici-types": "~6.19.8"
            }
        },
        "node_modules/prettier": {
            "version": "3.3.3",
            "dev": true,
            "license": "MIT",
            "bin": {
                "prettier": "bin/prettier.cjs"
            },
            "engines": {
                "node": ">=14"
            },
            "funding": {
                "url": "https://github.com/prettier/prettier?sponsor=1"
            }
        },
        "node_modules/undici-types": {
            "version": "6.19.8",
            "dev": true,
            "license": "MIT"
        }
    }
}
